
Microsoft Visual Studio Solution File, Format Version 12.00
# Visual Studio 15
VisualStudioVersion = 15.0.27703.2000
MinimumVisualStudioVersion = 10.0.40219.1
Project("{FAE04EC0-301F-11D3-BF4B-00C04F79EFBC}") = "Project 8 For Döngüsü", "Project 8 For Döngüsü\Project 8 For Döngüsü.csproj", "{ADFD8B63-4679-48D9-9045-D95D76DA92A6}"
EndProject
Global
	GlobalSection(SolutionConfigurationPlatforms) = preSolution
		Debug|Any CPU = Debug|Any CPU
		Release|Any CPU = Release|Any CPU
	EndGlobalSection
	GlobalSection(ProjectConfigurationPlatforms) = postSolution
		{ADFD8B63-4679-48D9-9045-D95D76DA92A6}.Debug|Any CPU.ActiveCfg = Debug|Any CPU
		{ADFD8B63-4679-48D9-9045-D95D76DA92A6}.Debug|Any CPU.Build.0 = Debug|Any CPU
		{ADFD8B63-4679-48D9-9045-D95D76DA92A6}.Release|Any CPU.ActiveCfg = Release|Any CPU
		{ADFD8B63-4679-48D9-9045-D95D76DA92A6}.Release|Any CPU.Build.0 = Release|Any CPU
	EndGlobalSection
	GlobalSection(SolutionProperties) = preSolution
		HideSolutionNode = FALSE
	EndGlobalSection
	GlobalSection(ExtensibilityGlobals) = postSolution
		SolutionGuid = {260E6297-AEAE-4DE6-86D5-A0818633A6CC}
	EndGlobalSection
EndGlobal
